{
  "requires": true,
  "lockfileVersion": 1,
  "dependencies": {
    "@emailjs/browser": {
      "version": "3.10.0",
      "resolved": "https://registry.npmjs.org/@emailjs/browser/-/browser-3.10.0.tgz",
      "integrity": "sha512-pregUOBkSjjctQoAgn8DcSaeY4ypHjXAJEzWlJysM3RkQXw1ulavfHva3YYeAkxfJ7qbIhpyvRmhyQlgNG4GVg=="
    }
  }
}
